
Microsoft Visual Studio Solution File, Format Version 12.00
# Visual Studio 15
VisualStudioVersion = 15.0.27004.2008
MinimumVisualStudioVersion = 10.0.40219.1
Project("{9A19103F-16F7-4668-BE54-9A1E7A4F7556}") = "Nightingale", "Nightingale\Nightingale.csproj", "{A3DB876F-565C-4470-8BB0-A31187C6C3BB}"
EndProject
Project("{2150E333-8FDC-42A3-9474-1A3956D46DE8}") = "Providers", "Providers", "{0E00B61C-147A-4EA1-9F7F-48DB5EC8496A}"
EndProject
Project("{2150E333-8FDC-42A3-9474-1A3956D46DE8}") = "Samples", "Samples", "{EC541A0E-85F6-4814-A90F-1BE822AF8256}"
EndProject
Project("{9A19103F-16F7-4668-BE54-9A1E7A4F7556}") = "Nightingale.SQLite", "Nightingale.SQLite\Nightingale.SQLite.csproj", "{A8EFF1BA-9E6E-40D4-A3DC-966E2E779081}"
EndProject
Project("{2150E333-8FDC-42A3-9474-1A3956D46DE8}") = "Tools", "Tools", "{1DC5A8D5-B093-4E2A-B5B1-677A87B61D10}"
EndProject
Project("{9A19103F-16F7-4668-BE54-9A1E7A4F7556}") = "Nightingale.MsSql", "Nightingale.MsSql\Nightingale.MsSql.csproj", "{0DE14ED1-6FCB-4299-8BA7-55B957F3F1AC}"
EndProject
Project("{9A19103F-16F7-4668-BE54-9A1E7A4F7556}") = "Nightingale.PostgreSql", "Nightingale.PostgreSql\Nightingale.PostgreSql.csproj", "{8DF450A9-7B72-41B9-8956-E2E338AFB5F0}"
EndProject
Project("{9A19103F-16F7-4668-BE54-9A1E7A4F7556}") = "ConsoleApp1", "Samples\ConsoleApp1\ConsoleApp1.csproj", "{551015FC-FB0E-4227-9C48-3C058F313121}"
EndProject
Project("{9A19103F-16F7-4668-BE54-9A1E7A4F7556}") = "Nightingale.log4net", "Nightingale.log4net\Nightingale.log4net.csproj", "{050AC68F-72AF-4472-95FE-6FF0D51F9950}"
EndProject
Project("{9A19103F-16F7-4668-BE54-9A1E7A4F7556}") = "Nightingale.MySql", "Nightingale.MySql\Nightingale.MySql.csproj", "{37CE8C26-39EC-4624-AC1C-C6D78543D1C4}"
EndProject
Project("{9A19103F-16F7-4668-BE54-9A1E7A4F7556}") = "Nightingale.Web", "Nightingale.Web\Nightingale.Web.csproj", "{E26FD488-D416-43BD-8034-D5665514FD3D}"
EndProject
Project("{9A19103F-16F7-4668-BE54-9A1E7A4F7556}") = "Nightingale.Tests", "Nightingale.Tests\Nightingale.Tests.csproj", "{2A948E8A-D592-4E50-BA5B-44D3FB5B8C9E}"
EndProject
Project("{9A19103F-16F7-4668-BE54-9A1E7A4F7556}") = "NightingaleCli", "Tools\NightingaleCli\NightingaleCli.csproj", "{965502E0-938C-42F3-A567-0601AF9058D7}"
EndProject
Global
	GlobalSection(SolutionConfigurationPlatforms) = preSolution
		Debug|Any CPU = Debug|Any CPU
		Release|Any CPU = Release|Any CPU
	EndGlobalSection
	GlobalSection(ProjectConfigurationPlatforms) = postSolution
		{A3DB876F-565C-4470-8BB0-A31187C6C3BB}.Debug|Any CPU.ActiveCfg = Debug|Any CPU
		{A3DB876F-565C-4470-8BB0-A31187C6C3BB}.Debug|Any CPU.Build.0 = Debug|Any CPU
		{A3DB876F-565C-4470-8BB0-A31187C6C3BB}.Release|Any CPU.ActiveCfg = Release|Any CPU
		{A3DB876F-565C-4470-8BB0-A31187C6C3BB}.Release|Any CPU.Build.0 = Release|Any CPU
		{A8EFF1BA-9E6E-40D4-A3DC-966E2E779081}.Debug|Any CPU.ActiveCfg = Debug|Any CPU
		{A8EFF1BA-9E6E-40D4-A3DC-966E2E779081}.Debug|Any CPU.Build.0 = Debug|Any CPU
		{A8EFF1BA-9E6E-40D4-A3DC-966E2E779081}.Release|Any CPU.ActiveCfg = Release|Any CPU
		{A8EFF1BA-9E6E-40D4-A3DC-966E2E779081}.Release|Any CPU.Build.0 = Release|Any CPU
		{0DE14ED1-6FCB-4299-8BA7-55B957F3F1AC}.Debug|Any CPU.ActiveCfg = Debug|Any CPU
		{0DE14ED1-6FCB-4299-8BA7-55B957F3F1AC}.Debug|Any CPU.Build.0 = Debug|Any CPU
		{0DE14ED1-6FCB-4299-8BA7-55B957F3F1AC}.Release|Any CPU.ActiveCfg = Release|Any CPU
		{0DE14ED1-6FCB-4299-8BA7-55B957F3F1AC}.Release|Any CPU.Build.0 = Release|Any CPU
		{8DF450A9-7B72-41B9-8956-E2E338AFB5F0}.Debug|Any CPU.ActiveCfg = Debug|Any CPU
		{8DF450A9-7B72-41B9-8956-E2E338AFB5F0}.Debug|Any CPU.Build.0 = Debug|Any CPU
		{8DF450A9-7B72-41B9-8956-E2E338AFB5F0}.Release|Any CPU.ActiveCfg = Release|Any CPU
		{8DF450A9-7B72-41B9-8956-E2E338AFB5F0}.Release|Any CPU.Build.0 = Release|Any CPU
		{551015FC-FB0E-4227-9C48-3C058F313121}.Debug|Any CPU.ActiveCfg = Debug|Any CPU
		{551015FC-FB0E-4227-9C48-3C058F313121}.Debug|Any CPU.Build.0 = Debug|Any CPU
		{551015FC-FB0E-4227-9C48-3C058F313121}.Release|Any CPU.ActiveCfg = Release|Any CPU
		{551015FC-FB0E-4227-9C48-3C058F313121}.Release|Any CPU.Build.0 = Release|Any CPU
		{050AC68F-72AF-4472-95FE-6FF0D51F9950}.Debug|Any CPU.ActiveCfg = Debug|Any CPU
		{050AC68F-72AF-4472-95FE-6FF0D51F9950}.Debug|Any CPU.Build.0 = Debug|Any CPU
		{050AC68F-72AF-4472-95FE-6FF0D51F9950}.Release|Any CPU.ActiveCfg = Release|Any CPU
		{050AC68F-72AF-4472-95FE-6FF0D51F9950}.Release|Any CPU.Build.0 = Release|Any CPU
		{37CE8C26-39EC-4624-AC1C-C6D78543D1C4}.Debug|Any CPU.ActiveCfg = Debug|Any CPU
		{37CE8C26-39EC-4624-AC1C-C6D78543D1C4}.Debug|Any CPU.Build.0 = Debug|Any CPU
		{37CE8C26-39EC-4624-AC1C-C6D78543D1C4}.Release|Any CPU.ActiveCfg = Release|Any CPU
		{37CE8C26-39EC-4624-AC1C-C6D78543D1C4}.Release|Any CPU.Build.0 = Release|Any CPU
		{E26FD488-D416-43BD-8034-D5665514FD3D}.Debug|Any CPU.ActiveCfg = Debug|Any CPU
		{E26FD488-D416-43BD-8034-D5665514FD3D}.Debug|Any CPU.Build.0 = Debug|Any CPU
		{E26FD488-D416-43BD-8034-D5665514FD3D}.Release|Any CPU.ActiveCfg = Release|Any CPU
		{E26FD488-D416-43BD-8034-D5665514FD3D}.Release|Any CPU.Build.0 = Release|Any CPU
		{2A948E8A-D592-4E50-BA5B-44D3FB5B8C9E}.Debug|Any CPU.ActiveCfg = Debug|Any CPU
		{2A948E8A-D592-4E50-BA5B-44D3FB5B8C9E}.Debug|Any CPU.Build.0 = Debug|Any CPU
		{2A948E8A-D592-4E50-BA5B-44D3FB5B8C9E}.Release|Any CPU.ActiveCfg = Release|Any CPU
		{2A948E8A-D592-4E50-BA5B-44D3FB5B8C9E}.Release|Any CPU.Build.0 = Release|Any CPU
		{965502E0-938C-42F3-A567-0601AF9058D7}.Debug|Any CPU.ActiveCfg = Debug|Any CPU
		{965502E0-938C-42F3-A567-0601AF9058D7}.Debug|Any CPU.Build.0 = Debug|Any CPU
		{965502E0-938C-42F3-A567-0601AF9058D7}.Release|Any CPU.ActiveCfg = Release|Any CPU
		{965502E0-938C-42F3-A567-0601AF9058D7}.Release|Any CPU.Build.0 = Release|Any CPU
	EndGlobalSection
	GlobalSection(SolutionProperties) = preSolution
		HideSolutionNode = FALSE
	EndGlobalSection
	GlobalSection(NestedProjects) = preSolution
		{A8EFF1BA-9E6E-40D4-A3DC-966E2E779081} = {0E00B61C-147A-4EA1-9F7F-48DB5EC8496A}
		{0DE14ED1-6FCB-4299-8BA7-55B957F3F1AC} = {0E00B61C-147A-4EA1-9F7F-48DB5EC8496A}
		{8DF450A9-7B72-41B9-8956-E2E338AFB5F0} = {0E00B61C-147A-4EA1-9F7F-48DB5EC8496A}
		{551015FC-FB0E-4227-9C48-3C058F313121} = {EC541A0E-85F6-4814-A90F-1BE822AF8256}
		{37CE8C26-39EC-4624-AC1C-C6D78543D1C4} = {0E00B61C-147A-4EA1-9F7F-48DB5EC8496A}
		{965502E0-938C-42F3-A567-0601AF9058D7} = {1DC5A8D5-B093-4E2A-B5B1-677A87B61D10}
	EndGlobalSection
	GlobalSection(ExtensibilityGlobals) = postSolution
		SolutionGuid = {1598D4C3-4993-4A23-9406-236BC3E3A539}
	EndGlobalSection
EndGlobal
